
Microsoft Visual Studio Solution File, Format Version 12.00
# Visual Studio Version 16
VisualStudioVersion = 16.0.29418.71
MinimumVisualStudioVersion = 10.0.40219.1
Project("{9A19103F-16F7-4668-BE54-9A1E7A4F7556}") = "CSharpUtilities.Extensions", "Extensions\CSharpUtilities.Extensions\CSharpUtilities.Extensions.csproj", "{04D2DF7E-FEC6-4906-9899-8D4AA6BF0BB3}"
EndProject
Project("{2150E333-8FDC-42A3-9474-1A3956D46DE8}") = "Net", "Net", "{AB5CB147-4914-4FE0-88F2-C7C5FA786C5A}"
EndProject
Project("{2150E333-8FDC-42A3-9474-1A3956D46DE8}") = "Rest", "Rest", "{A56AA3CB-0942-4CF0-98F2-927F9EA5159A}"
EndProject
Project("{9A19103F-16F7-4668-BE54-9A1E7A4F7556}") = "CSharpUtilities.Net.Rest.DTOClasses", "Net\Rest\CSharpUtilities.Net.Rest.DTOClasses\CSharpUtilities.Net.Rest.DTOClasses.csproj", "{EA3B24C4-6650-433E-85F3-4540101F6CC6}"
EndProject
Project("{2150E333-8FDC-42A3-9474-1A3956D46DE8}") = "Entities", "Entities", "{A64E0EC6-4B69-4DDB-8D0E-64ECA4B9FB95}"
EndProject
Project("{9A19103F-16F7-4668-BE54-9A1E7A4F7556}") = "CSharpUtilities.Entities.Interfaces", "Entities\CSharpUtilities.Entities.Interfaces\CSharpUtilities.Entities.Interfaces.csproj", "{797CDA5F-A523-49FF-99EF-B8D3D8666D6D}"
EndProject
Project("{9A19103F-16F7-4668-BE54-9A1E7A4F7556}") = "CSharpUtilities.Entities", "Entities\CSharpUtilities.Entities\CSharpUtilities.Entities.csproj", "{86D6AA9E-F331-42B6-927A-F43CBF7C7329}"
EndProject
Project("{9A19103F-16F7-4668-BE54-9A1E7A4F7556}") = "CSharpUtilities.Extensions.NetCore.Tests", "Extensions\CSharpUtilities.Extensions.NetCore.Tests\CSharpUtilities.Extensions.NetCore.Tests.csproj", "{95ADE8FA-7C84-4601-97B2-26519A4B1CB5}"
EndProject
Project("{9A19103F-16F7-4668-BE54-9A1E7A4F7556}") = "CSharpUtilities.Entities.DataAccess.Interfaces", "Entities\DataAccess\CSharpUtilities.Entities.DataAccess.Interfaces\CSharpUtilities.Entities.DataAccess.Interfaces.csproj", "{5F16BBA7-D93F-44B5-93E0-3E0B4ED578DA}"
EndProject
Project("{FAE04EC0-301F-11D3-BF4B-00C04F79EFBC}") = "CSharpUtilities.Entities.DataAccess", "Entities\DataAccess\CSharpUtilities.Entities.DataAccess\CSharpUtilities.Entities.DataAccess.csproj", "{3CC7F26E-2CE4-4AA1-88BB-071EB86C01E2}"
EndProject
Global
	GlobalSection(SolutionConfigurationPlatforms) = preSolution
		Debug|Any CPU = Debug|Any CPU
		Release|Any CPU = Release|Any CPU
	EndGlobalSection
	GlobalSection(ProjectConfigurationPlatforms) = postSolution
		{04D2DF7E-FEC6-4906-9899-8D4AA6BF0BB3}.Debug|Any CPU.ActiveCfg = Debug|Any CPU
		{04D2DF7E-FEC6-4906-9899-8D4AA6BF0BB3}.Debug|Any CPU.Build.0 = Debug|Any CPU
		{04D2DF7E-FEC6-4906-9899-8D4AA6BF0BB3}.Release|Any CPU.ActiveCfg = Release|Any CPU
		{04D2DF7E-FEC6-4906-9899-8D4AA6BF0BB3}.Release|Any CPU.Build.0 = Release|Any CPU
		{EA3B24C4-6650-433E-85F3-4540101F6CC6}.Debug|Any CPU.ActiveCfg = Debug|Any CPU
		{EA3B24C4-6650-433E-85F3-4540101F6CC6}.Debug|Any CPU.Build.0 = Debug|Any CPU
		{EA3B24C4-6650-433E-85F3-4540101F6CC6}.Release|Any CPU.ActiveCfg = Release|Any CPU
		{EA3B24C4-6650-433E-85F3-4540101F6CC6}.Release|Any CPU.Build.0 = Release|Any CPU
		{797CDA5F-A523-49FF-99EF-B8D3D8666D6D}.Debug|Any CPU.ActiveCfg = Debug|Any CPU
		{797CDA5F-A523-49FF-99EF-B8D3D8666D6D}.Debug|Any CPU.Build.0 = Debug|Any CPU
		{797CDA5F-A523-49FF-99EF-B8D3D8666D6D}.Release|Any CPU.ActiveCfg = Release|Any CPU
		{797CDA5F-A523-49FF-99EF-B8D3D8666D6D}.Release|Any CPU.Build.0 = Release|Any CPU
		{86D6AA9E-F331-42B6-927A-F43CBF7C7329}.Debug|Any CPU.ActiveCfg = Debug|Any CPU
		{86D6AA9E-F331-42B6-927A-F43CBF7C7329}.Debug|Any CPU.Build.0 = Debug|Any CPU
		{86D6AA9E-F331-42B6-927A-F43CBF7C7329}.Release|Any CPU.ActiveCfg = Release|Any CPU
		{86D6AA9E-F331-42B6-927A-F43CBF7C7329}.Release|Any CPU.Build.0 = Release|Any CPU
		{95ADE8FA-7C84-4601-97B2-26519A4B1CB5}.Debug|Any CPU.ActiveCfg = Debug|Any CPU
		{95ADE8FA-7C84-4601-97B2-26519A4B1CB5}.Debug|Any CPU.Build.0 = Debug|Any CPU
		{95ADE8FA-7C84-4601-97B2-26519A4B1CB5}.Release|Any CPU.ActiveCfg = Release|Any CPU
		{95ADE8FA-7C84-4601-97B2-26519A4B1CB5}.Release|Any CPU.Build.0 = Release|Any CPU
		{5F16BBA7-D93F-44B5-93E0-3E0B4ED578DA}.Debug|Any CPU.ActiveCfg = Debug|Any CPU
		{5F16BBA7-D93F-44B5-93E0-3E0B4ED578DA}.Debug|Any CPU.Build.0 = Debug|Any CPU
		{5F16BBA7-D93F-44B5-93E0-3E0B4ED578DA}.Release|Any CPU.ActiveCfg = Release|Any CPU
		{5F16BBA7-D93F-44B5-93E0-3E0B4ED578DA}.Release|Any CPU.Build.0 = Release|Any CPU
		{3CC7F26E-2CE4-4AA1-88BB-071EB86C01E2}.Debug|Any CPU.ActiveCfg = Debug|Any CPU
		{3CC7F26E-2CE4-4AA1-88BB-071EB86C01E2}.Debug|Any CPU.Build.0 = Debug|Any CPU
		{3CC7F26E-2CE4-4AA1-88BB-071EB86C01E2}.Release|Any CPU.ActiveCfg = Release|Any CPU
		{3CC7F26E-2CE4-4AA1-88BB-071EB86C01E2}.Release|Any CPU.Build.0 = Release|Any CPU
	EndGlobalSection
	GlobalSection(SolutionProperties) = preSolution
		HideSolutionNode = FALSE
	EndGlobalSection
	GlobalSection(NestedProjects) = preSolution
		{A56AA3CB-0942-4CF0-98F2-927F9EA5159A} = {AB5CB147-4914-4FE0-88F2-C7C5FA786C5A}
		{EA3B24C4-6650-433E-85F3-4540101F6CC6} = {A56AA3CB-0942-4CF0-98F2-927F9EA5159A}
		{797CDA5F-A523-49FF-99EF-B8D3D8666D6D} = {A64E0EC6-4B69-4DDB-8D0E-64ECA4B9FB95}
		{86D6AA9E-F331-42B6-927A-F43CBF7C7329} = {A64E0EC6-4B69-4DDB-8D0E-64ECA4B9FB95}
		{5F16BBA7-D93F-44B5-93E0-3E0B4ED578DA} = {A64E0EC6-4B69-4DDB-8D0E-64ECA4B9FB95}
		{3CC7F26E-2CE4-4AA1-88BB-071EB86C01E2} = {A64E0EC6-4B69-4DDB-8D0E-64ECA4B9FB95}
	EndGlobalSection
	GlobalSection(ExtensibilityGlobals) = postSolution
		SolutionGuid = {D984DC0E-6D5E-4155-9641-28E85D759641}
	EndGlobalSection
EndGlobal
